{
  "name": "@writetome51/index-is-valid",
  "version": "2.0.2",
  "lockfileVersion": 2,
  "requires": true,
  "packages": {
    "": {
      "name": "@writetome51/index-is-valid",
      "version": "2.0.2",
      "license": "MIT",
      "dependencies": {
        "error-if-not-integer": "^2.0.1"
      },
      "devDependencies": {}
    },
    "node_modules/@writetome51/is-integer-is-float": {
      "version": "2.0.1",
      "license": "MIT"
    },
    "node_modules/error-if-not-integer": {
      "version": "2.0.1",
      "license": "MIT",
      "dependencies": {
        "@writetome51/is-integer-is-float": "^2.0.1"
      }
    }
  },
  "dependencies": {
    "@writetome51/is-integer-is-float": {
      "version": "2.0.1"
    },
    "error-if-not-integer": {
      "version": "2.0.1",
      "requires": {
        "@writetome51/is-integer-is-float": "^2.0.1"
      }
    }
  }
}
